
Microsoft Visual Studio Solution File, Format Version 12.00
# Visual Studio 2013
VisualStudioVersion = 12.0.30501.0
MinimumVisualStudioVersion = 10.0.40219.1
Project("{8BC9CEB8-8B4A-11D0-8D11-00A0C91BC942}") = "iPlannerParser", "iPlannerParser\iPlannerParser.vcxproj", "{62C2EB34-8BAE-43D4-9D71-2C50586EE500}"
EndProject
Project("{8BC9CEB8-8B4A-11D0-8D11-00A0C91BC942}") = "iPlannerParserTest", "iPlannerParserTest\iPlannerParserTest.vcxproj", "{0DD385D6-F5C1-471C-9AE9-838463677A8F}"
EndProject
Project("{8BC9CEB8-8B4A-11D0-8D11-00A0C91BC942}") = "iPlannerParserExe", "iPlannerParserExe\iPlannerParserExe.vcxproj", "{694AEE1F-50C6-4334-8110-129A37ACD344}"
EndProject
Global
	GlobalSection(SolutionConfigurationPlatforms) = preSolution
		Debug|Win32 = Debug|Win32
		Release|Win32 = Release|Win32
	EndGlobalSection
	GlobalSection(ProjectConfigurationPlatforms) = postSolution
		{62C2EB34-8BAE-43D4-9D71-2C50586EE500}.Debug|Win32.ActiveCfg = Debug|Win32
		{62C2EB34-8BAE-43D4-9D71-2C50586EE500}.Debug|Win32.Build.0 = Debug|Win32
		{62C2EB34-8BAE-43D4-9D71-2C50586EE500}.Release|Win32.ActiveCfg = Release|Win32
		{62C2EB34-8BAE-43D4-9D71-2C50586EE500}.Release|Win32.Build.0 = Release|Win32
		{0DD385D6-F5C1-471C-9AE9-838463677A8F}.Debug|Win32.ActiveCfg = Debug|Win32
		{0DD385D6-F5C1-471C-9AE9-838463677A8F}.Debug|Win32.Build.0 = Debug|Win32
		{0DD385D6-F5C1-471C-9AE9-838463677A8F}.Release|Win32.ActiveCfg = Release|Win32
		{0DD385D6-F5C1-471C-9AE9-838463677A8F}.Release|Win32.Build.0 = Release|Win32
		{694AEE1F-50C6-4334-8110-129A37ACD344}.Debug|Win32.ActiveCfg = Debug|Win32
		{694AEE1F-50C6-4334-8110-129A37ACD344}.Debug|Win32.Build.0 = Debug|Win32
		{694AEE1F-50C6-4334-8110-129A37ACD344}.Release|Win32.ActiveCfg = Release|Win32
		{694AEE1F-50C6-4334-8110-129A37ACD344}.Release|Win32.Build.0 = Release|Win32
	EndGlobalSection
	GlobalSection(SolutionProperties) = preSolution
		HideSolutionNode = FALSE
	EndGlobalSection
EndGlobal
